# This file is automatically @generated by Cargo.
# It is not intended for manual editing.
version = 3

[[package]]
name = "array"
version = "0.1.0"
dependencies = [
 "itertools",
]

[[package]]
name = "cluster"
version = "0.1.0"
dependencies = [
 "array",
]

[[package]]
name = "color"
version = "0.1.0"
dependencies = [
 "array",
 "num",
]

[[package]]
name = "dependency_db"
version = "0.1.0"
dependencies = [
 "eat 0.1.0 (git+https://github.com/or-n/rust-minimalist-utils.git)",
 "spit 0.1.0 (git+https://github.com/or-n/rust-minimalist-utils.git)",
]

[[package]]
name = "derived-deref"
version = "2.1.0"
source = "registry+https://github.com/rust-lang/crates.io-index"
checksum = "805ef2023ccd65425743a91ecd11fc020979a0b01921db3104fb606d18a7b43e"
dependencies = [
 "proc-macro2",
 "quote",
 "syn",
]

[[package]]
name = "eat"
version = "0.1.0"

[[package]]
name = "eat"
version = "0.1.0"
source = "git+https://github.com/or-n/rust-minimalist-utils.git#5186ef03ad8a72be0c30206da93452ea6dec2bdf"

[[package]]
name = "ecs"
version = "0.1.0"
dependencies = [
 "derived-deref",
]

[[package]]
name = "either"
version = "1.13.0"
source = "registry+https://github.com/rust-lang/crates.io-index"
checksum = "60b1af1c220855b6ceac025d3f6ecdd2b7c4894bfe9cd9bda4fbb4bc7c0d4cf0"

[[package]]
name = "game"
version = "0.1.0"
dependencies = [
 "num",
]

[[package]]
name = "gen"
version = "0.1.0"
dependencies = [
 "array",
]

[[package]]
name = "itertools"
version = "0.11.0"
source = "registry+https://github.com/rust-lang/crates.io-index"
checksum = "b1c173a5686ce8bfa551b3563d0c2170bf24ca44da99c7ca4bfdab5418c3fe57"
dependencies = [
 "either",
]

[[package]]
name = "num"
version = "0.1.0"
dependencies = [
 "array",
]

[[package]]
name = "proc-macro2"
version = "1.0.92"
source = "registry+https://github.com/rust-lang/crates.io-index"
checksum = "37d3544b3f2748c54e147655edb5025752e2303145b5aefb3c3ea2c78b973bb0"
dependencies = [
 "unicode-ident",
]

[[package]]
name = "quote"
version = "1.0.37"
source = "registry+https://github.com/rust-lang/crates.io-index"
checksum = "b5b9d34b8991d19d98081b46eacdd8eb58c6f2b201139f7c5f643cc155a633af"
dependencies = [
 "proc-macro2",
]

[[package]]
name = "range"
version = "0.1.0"

[[package]]
name = "spit"
version = "0.1.0"

[[package]]
name = "spit"
version = "0.1.0"
source = "git+https://github.com/or-n/rust-minimalist-utils.git#5186ef03ad8a72be0c30206da93452ea6dec2bdf"

[[package]]
name = "syn"
version = "2.0.90"
source = "registry+https://github.com/rust-lang/crates.io-index"
checksum = "919d3b74a5dd0ccd15aeb8f93e7006bd9e14c295087c9896a110f490752bcf31"
dependencies = [
 "proc-macro2",
 "quote",
 "unicode-ident",
]

[[package]]
name = "tree"
version = "0.1.0"

[[package]]
name = "unicode-ident"
version = "1.0.14"
source = "registry+https://github.com/rust-lang/crates.io-index"
checksum = "adb9e6ca4f869e1180728b7950e35922a7fc6397f7b641499e8f3ef06e50dc83"

[[package]]
name = "wave"
version = "0.1.0"
dependencies = [
 "array",
 "num",
]
